PODS:
  - Alamofire (3.3.1)
  - Cartography (0.6.0)
  - PineKit (0.1.0):
    - Alamofire (~> 3.3)
    - Cartography
    - SnapKit (~> 0.15.0)
    - SwiftyJSON
  - SnapKit (0.15.0)
  - SwiftyJSON (2.3.2)

DEPENDENCIES:
  - Cartography
  - PineKit (from `../`)
  - SnapKit (~> 0.15.0)
  - SwiftyJSON

EXTERNAL SOURCES:
  PineKit:
    :path: "../"

SPEC CHECKSUMS:
  Alamofire: 369bc67b6f5ac33ded3648d7bd21c5bfb91c2ecc
  Cartography: 70af183a248547694a8cfaa6b989cb7e04589985
  PineKit: 01199b8b3fc81b851a86d587c500b9445632a21e
  SnapKit: 4962eed2ee18e48cbd2b2292fffc57efe7235f87
  SwiftyJSON: 04ccea08915aa0109039157c7974cf0298da292a

COCOAPODS: 0.39.0
